
Microsoft Visual Studio Solution File, Format Version 12.00
# Visual Studio Version 16
VisualStudioVersion = 16.0.31205.134
MinimumVisualStudioVersion = 10.0.40219.1
Project("{9A19103F-16F7-4668-BE54-9A1E7A4F7556}") = "Tampieri", "Tampieri\Tampieri.csproj", "{595883A0-C3B4-4F03-85C1-4683DFCE8BE5}"
EndProject
Project("{FAE04EC0-301F-11D3-BF4B-00C04F79EFBC}") = "TestTampieri", "TestTampieri\TestTampieri.csproj", "{F4A38EAF-056D-4A17-87B1-5A9ED86115B7}"
EndProject
Global
	GlobalSection(SolutionConfigurationPlatforms) = preSolution
		Debug|Any CPU = Debug|Any CPU
		Release|Any CPU = Release|Any CPU
	EndGlobalSection
	GlobalSection(ProjectConfigurationPlatforms) = postSolution
		{595883A0-C3B4-4F03-85C1-4683DFCE8BE5}.Debug|Any CPU.ActiveCfg = Debug|Any CPU
		{595883A0-C3B4-4F03-85C1-4683DFCE8BE5}.Debug|Any CPU.Build.0 = Debug|Any CPU
		{595883A0-C3B4-4F03-85C1-4683DFCE8BE5}.Release|Any CPU.ActiveCfg = Release|Any CPU
		{595883A0-C3B4-4F03-85C1-4683DFCE8BE5}.Release|Any CPU.Build.0 = Release|Any CPU
		{F4A38EAF-056D-4A17-87B1-5A9ED86115B7}.Debug|Any CPU.ActiveCfg = Debug|Any CPU
		{F4A38EAF-056D-4A17-87B1-5A9ED86115B7}.Debug|Any CPU.Build.0 = Debug|Any CPU
		{F4A38EAF-056D-4A17-87B1-5A9ED86115B7}.Release|Any CPU.ActiveCfg = Release|Any CPU
		{F4A38EAF-056D-4A17-87B1-5A9ED86115B7}.Release|Any CPU.Build.0 = Release|Any CPU
	EndGlobalSection
	GlobalSection(SolutionProperties) = preSolution
		HideSolutionNode = FALSE
	EndGlobalSection
	GlobalSection(ExtensibilityGlobals) = postSolution
		SolutionGuid = {E39F22DB-7C69-4644-9061-A8C9029F5B69}
	EndGlobalSection
EndGlobal
