
Microsoft Visual Studio Solution File, Format Version 12.00
# Visual Studio Version 16
VisualStudioVersion = 16.0.29806.167
MinimumVisualStudioVersion = 10.0.40219.1
Project("{FAE04EC0-301F-11D3-BF4B-00C04F79EFBC}") = "sanita", "sanita.csproj", "{135F4C94-8EE2-45D9-8AE7-A3925105CDDC}"
EndProject
Project("{FAE04EC0-301F-11D3-BF4B-00C04F79EFBC}") = "Test_sanita", "..\test_sanita\Test_sanita.csproj", "{9B4AD664-9A7B-43E2-AAB8-CFB2E45711F2}"
EndProject
Global
	GlobalSection(SolutionConfigurationPlatforms) = preSolution
		Debug|Any CPU = Debug|Any CPU
		Release|Any CPU = Release|Any CPU
	EndGlobalSection
	GlobalSection(ProjectConfigurationPlatforms) = postSolution
		{135F4C94-8EE2-45D9-8AE7-A3925105CDDC}.Debug|Any CPU.ActiveCfg = Debug|Any CPU
		{135F4C94-8EE2-45D9-8AE7-A3925105CDDC}.Debug|Any CPU.Build.0 = Debug|Any CPU
		{135F4C94-8EE2-45D9-8AE7-A3925105CDDC}.Release|Any CPU.ActiveCfg = Release|Any CPU
		{135F4C94-8EE2-45D9-8AE7-A3925105CDDC}.Release|Any CPU.Build.0 = Release|Any CPU
		{9B4AD664-9A7B-43E2-AAB8-CFB2E45711F2}.Debug|Any CPU.ActiveCfg = Debug|Any CPU
		{9B4AD664-9A7B-43E2-AAB8-CFB2E45711F2}.Debug|Any CPU.Build.0 = Debug|Any CPU
		{9B4AD664-9A7B-43E2-AAB8-CFB2E45711F2}.Release|Any CPU.ActiveCfg = Release|Any CPU
		{9B4AD664-9A7B-43E2-AAB8-CFB2E45711F2}.Release|Any CPU.Build.0 = Release|Any CPU
	EndGlobalSection
	GlobalSection(SolutionProperties) = preSolution
		HideSolutionNode = FALSE
	EndGlobalSection
	GlobalSection(ExtensibilityGlobals) = postSolution
		SolutionGuid = {833607C1-421A-412D-94C6-2E1F8F1A47AA}
	EndGlobalSection
EndGlobal
